
Microsoft Visual Studio Solution File, Format Version 12.00
# Visual Studio 2012
Project("{FAE04EC0-301F-11D3-BF4B-00C04F79EFBC}") = "TestLog4net", "TestLog4net\TestLog4net.csproj", "{2F571E14-BA42-496F-AFCE-C424F72494B6}"
EndProject
Project("{FAE04EC0-301F-11D3-BF4B-00C04F79EFBC}") = "TestLog4net.Tests", "TestLog4net.Tests\TestLog4net.Tests.csproj", "{FC8494D2-2359-446E-8CE0-A438564E2FF7}"
EndProject
Project("{FAE04EC0-301F-11D3-BF4B-00C04F79EFBC}") = "Log4net.Common", "Log4net.Common\Log4net.Common.csproj", "{E5AA655E-0505-4714-95BE-DBCD56A263F7}"
EndProject
Project("{FAE04EC0-301F-11D3-BF4B-00C04F79EFBC}") = "App.MVC", "TestLog4net.MVC\App.MVC.csproj", "{F4439C2D-0284-4508-A8EC-86439521FB91}"
EndProject
Project("{FAE04EC0-301F-11D3-BF4B-00C04F79EFBC}") = "Platform.ServiceInterface", "Platform.ServiceInterface\Platform.ServiceInterface.csproj", "{8747BE06-D323-4C19-99BA-E20E6BDEFD39}"
EndProject
Project("{FAE04EC0-301F-11D3-BF4B-00C04F79EFBC}") = "Platform.ServiceImpl", "Platform.ServiceImpl\Platform.ServiceImpl.csproj", "{711FFF99-66F8-4905-A939-B4C49108A656}"
EndProject
Project("{FAE04EC0-301F-11D3-BF4B-00C04F79EFBC}") = "Platform.Repository", "Platform.Repository\Platform.Repository.csproj", "{4F71874D-B92B-4B92-B75B-B9C1C5E8C931}"
EndProject
Project("{FAE04EC0-301F-11D3-BF4B-00C04F79EFBC}") = "Platform.Model", "Platform.Model\Platform.Model.csproj", "{A6529147-21DD-4FB9-945E-612C76E092BB}"
EndProject
Global
	GlobalSection(SolutionConfigurationPlatforms) = preSolution
		Debug|Any CPU = Debug|Any CPU
		Release|Any CPU = Release|Any CPU
	EndGlobalSection
	GlobalSection(ProjectConfigurationPlatforms) = postSolution
		{2F571E14-BA42-496F-AFCE-C424F72494B6}.Debug|Any CPU.ActiveCfg = Debug|Any CPU
		{2F571E14-BA42-496F-AFCE-C424F72494B6}.Debug|Any CPU.Build.0 = Debug|Any CPU
		{2F571E14-BA42-496F-AFCE-C424F72494B6}.Release|Any CPU.ActiveCfg = Release|Any CPU
		{2F571E14-BA42-496F-AFCE-C424F72494B6}.Release|Any CPU.Build.0 = Release|Any CPU
		{FC8494D2-2359-446E-8CE0-A438564E2FF7}.Debug|Any CPU.ActiveCfg = Debug|Any CPU
		{FC8494D2-2359-446E-8CE0-A438564E2FF7}.Debug|Any CPU.Build.0 = Debug|Any CPU
		{FC8494D2-2359-446E-8CE0-A438564E2FF7}.Release|Any CPU.ActiveCfg = Release|Any CPU
		{FC8494D2-2359-446E-8CE0-A438564E2FF7}.Release|Any CPU.Build.0 = Release|Any CPU
		{E5AA655E-0505-4714-95BE-DBCD56A263F7}.Debug|Any CPU.ActiveCfg = Debug|Any CPU
		{E5AA655E-0505-4714-95BE-DBCD56A263F7}.Debug|Any CPU.Build.0 = Debug|Any CPU
		{E5AA655E-0505-4714-95BE-DBCD56A263F7}.Release|Any CPU.ActiveCfg = Release|Any CPU
		{E5AA655E-0505-4714-95BE-DBCD56A263F7}.Release|Any CPU.Build.0 = Release|Any CPU
		{F4439C2D-0284-4508-A8EC-86439521FB91}.Debug|Any CPU.ActiveCfg = Debug|Any CPU
		{F4439C2D-0284-4508-A8EC-86439521FB91}.Debug|Any CPU.Build.0 = Debug|Any CPU
		{F4439C2D-0284-4508-A8EC-86439521FB91}.Release|Any CPU.ActiveCfg = Release|Any CPU
		{F4439C2D-0284-4508-A8EC-86439521FB91}.Release|Any CPU.Build.0 = Release|Any CPU
		{8747BE06-D323-4C19-99BA-E20E6BDEFD39}.Debug|Any CPU.ActiveCfg = Debug|Any CPU
		{8747BE06-D323-4C19-99BA-E20E6BDEFD39}.Debug|Any CPU.Build.0 = Debug|Any CPU
		{8747BE06-D323-4C19-99BA-E20E6BDEFD39}.Release|Any CPU.ActiveCfg = Release|Any CPU
		{8747BE06-D323-4C19-99BA-E20E6BDEFD39}.Release|Any CPU.Build.0 = Release|Any CPU
		{711FFF99-66F8-4905-A939-B4C49108A656}.Debug|Any CPU.ActiveCfg = Debug|Any CPU
		{711FFF99-66F8-4905-A939-B4C49108A656}.Debug|Any CPU.Build.0 = Debug|Any CPU
		{711FFF99-66F8-4905-A939-B4C49108A656}.Release|Any CPU.ActiveCfg = Release|Any CPU
		{711FFF99-66F8-4905-A939-B4C49108A656}.Release|Any CPU.Build.0 = Release|Any CPU
		{4F71874D-B92B-4B92-B75B-B9C1C5E8C931}.Debug|Any CPU.ActiveCfg = Debug|Any CPU
		{4F71874D-B92B-4B92-B75B-B9C1C5E8C931}.Debug|Any CPU.Build.0 = Debug|Any CPU
		{4F71874D-B92B-4B92-B75B-B9C1C5E8C931}.Release|Any CPU.ActiveCfg = Release|Any CPU
		{4F71874D-B92B-4B92-B75B-B9C1C5E8C931}.Release|Any CPU.Build.0 = Release|Any CPU
		{A6529147-21DD-4FB9-945E-612C76E092BB}.Debug|Any CPU.ActiveCfg = Debug|Any CPU
		{A6529147-21DD-4FB9-945E-612C76E092BB}.Debug|Any CPU.Build.0 = Debug|Any CPU
		{A6529147-21DD-4FB9-945E-612C76E092BB}.Release|Any CPU.ActiveCfg = Release|Any CPU
		{A6529147-21DD-4FB9-945E-612C76E092BB}.Release|Any CPU.Build.0 = Release|Any CPU
	EndGlobalSection
	GlobalSection(SolutionProperties) = preSolution
		HideSolutionNode = FALSE
	EndGlobalSection
EndGlobal
